
Microsoft Visual Studio Solution File, Format Version 12.00
# Visual Studio Version 17
VisualStudioVersion = 17.5.002.0
MinimumVisualStudioVersion = 10.0.40219.1
Project("{9A19103F-16F7-4668-BE54-9A1E7A4F7556}") = "PizzaOrdering", "PizzaOrdering.csproj", "{755E09C3-7FDC-42A1-B65F-3C72B8AFD387}"
EndProject
Global
	GlobalSection(SolutionConfigurationPlatforms) = preSolution
		Debug|Any CPU = Debug|Any CPU
		Release|Any CPU = Release|Any CPU
	EndGlobalSection
	GlobalSection(ProjectConfigurationPlatforms) = postSolution
		{755E09C3-7FDC-42A1-B65F-3C72B8AFD387}.Debug|Any CPU.ActiveCfg = Debug|Any CPU
		{755E09C3-7FDC-42A1-B65F-3C72B8AFD387}.Debug|Any CPU.Build.0 = Debug|Any CPU
		{755E09C3-7FDC-42A1-B65F-3C72B8AFD387}.Release|Any CPU.ActiveCfg = Release|Any CPU
		{755E09C3-7FDC-42A1-B65F-3C72B8AFD387}.Release|Any CPU.Build.0 = Release|Any CPU
	EndGlobalSection
	GlobalSection(SolutionProperties) = preSolution
		HideSolutionNode = FALSE
	EndGlobalSection
	GlobalSection(ExtensibilityGlobals) = postSolution
		SolutionGuid = {CF4F3C6B-0156-418D-9F81-2FE06580C2DD}
	EndGlobalSection
EndGlobal
